github.com/sunshineplan/utils v0.1.66 h1:YwIuVQxmaL0bEnEKHU64pseCC18w2MZVtyrmY4VFOew=
github.com/sunshineplan/utils v0.1.66/go.mod h1:QMe2vCEFq9VliPac8WfXndi5jP0ZrPHus8wvJlgBy5M=
golang.org/x/sys v0.20.0 h1:Od9JTbYCk261bKm4M/mw7AklTlFYIa0bIp9BgSm1S8Y=
golang.org/x/sys v0.20.0/go.mod h1:/VUhepiaJMQUp4+oa/7Zr1D23ma6VTLIYjOOTFZPUcA=
