github.com/sunshineplan/utils v0.1.29 h1:wCBKPVp9XF2tUC6IX2e1bDgKrCOfgLxS5cFdUQ5mZc0=
github.com/sunshineplan/utils v0.1.29/go.mod h1:Wx+eubdt52Vl0l7U6gGjtP6VGrA5jqLeqWNDckGXL8I=
golang.org/x/sys v0.6.0 h1:MVltZSvRTcU2ljQOhs94SXPftV6DCNnZViHeQps87pQ=
golang.org/x/sys v0.6.0/go.mod h1:oPkhp1MJrh7nUepCBck5+mAzfO9JrbApNNgaTdGDITg=
